
Microsoft Visual Studio Solution File, Format Version 12.00
# Visual Studio Version 17
VisualStudioVersion = 17.9.34728.123
MinimumVisualStudioVersion = 10.0.40219.1
Project("{9A19103F-16F7-4668-BE54-9A1E7A4F7556}") = "QualLMS.API", "QualLMS.API\QualLMS.API.csproj", "{C12CE0B9-B94A-4064-A8FF-52FA21DC3034}"
EndProject
Project("{9A19103F-16F7-4668-BE54-9A1E7A4F7556}") = "QualLMS.Domain", "QualLMS.Domain\QualLMS.Domain.csproj", "{6182B74C-4207-458F-900A-26C97F34D83E}"
EndProject
Project("{9A19103F-16F7-4668-BE54-9A1E7A4F7556}") = "QualLMS.WebAppMvc", "QualLMS.WebAppMvc\QualLMS.WebAppMvc.csproj", "{A8DE9261-B28B-4616-8256-B2FD36453A26}"
EndProject
Project("{9A19103F-16F7-4668-BE54-9A1E7A4F7556}") = "QualvationLibrary", "..\..\QualvationLibrary\QualvationLibrary.csproj", "{021AB31A-54F8-427F-85CE-49B78F8617A6}"
EndProject
Project("{FAE04EC0-301F-11D3-BF4B-00C04F79EFBC}") = "QualLMS.Repository", "QualLMS.Repository\QualLMS.Repository.csproj", "{31B8B2EF-422D-46AD-A4B9-B1EE20A1B3F3}"
EndProject
Global
	GlobalSection(SolutionConfigurationPlatforms) = preSolution
		Debug|Any CPU = Debug|Any CPU
		Release|Any CPU = Release|Any CPU
	EndGlobalSection
	GlobalSection(ProjectConfigurationPlatforms) = postSolution
		{C12CE0B9-B94A-4064-A8FF-52FA21DC3034}.Debug|Any CPU.ActiveCfg = Debug|Any CPU
		{C12CE0B9-B94A-4064-A8FF-52FA21DC3034}.Debug|Any CPU.Build.0 = Debug|Any CPU
		{C12CE0B9-B94A-4064-A8FF-52FA21DC3034}.Release|Any CPU.ActiveCfg = Release|Any CPU
		{C12CE0B9-B94A-4064-A8FF-52FA21DC3034}.Release|Any CPU.Build.0 = Release|Any CPU
		{6182B74C-4207-458F-900A-26C97F34D83E}.Debug|Any CPU.ActiveCfg = Debug|Any CPU
		{6182B74C-4207-458F-900A-26C97F34D83E}.Debug|Any CPU.Build.0 = Debug|Any CPU
		{6182B74C-4207-458F-900A-26C97F34D83E}.Release|Any CPU.ActiveCfg = Release|Any CPU
		{6182B74C-4207-458F-900A-26C97F34D83E}.Release|Any CPU.Build.0 = Release|Any CPU
		{A8DE9261-B28B-4616-8256-B2FD36453A26}.Debug|Any CPU.ActiveCfg = Debug|Any CPU
		{A8DE9261-B28B-4616-8256-B2FD36453A26}.Debug|Any CPU.Build.0 = Debug|Any CPU
		{A8DE9261-B28B-4616-8256-B2FD36453A26}.Release|Any CPU.ActiveCfg = Release|Any CPU
		{A8DE9261-B28B-4616-8256-B2FD36453A26}.Release|Any CPU.Build.0 = Release|Any CPU
		{021AB31A-54F8-427F-85CE-49B78F8617A6}.Debug|Any CPU.ActiveCfg = Debug|Any CPU
		{021AB31A-54F8-427F-85CE-49B78F8617A6}.Debug|Any CPU.Build.0 = Debug|Any CPU
		{021AB31A-54F8-427F-85CE-49B78F8617A6}.Release|Any CPU.ActiveCfg = Release|Any CPU
		{021AB31A-54F8-427F-85CE-49B78F8617A6}.Release|Any CPU.Build.0 = Release|Any CPU
		{31B8B2EF-422D-46AD-A4B9-B1EE20A1B3F3}.Debug|Any CPU.ActiveCfg = Debug|Any CPU
		{31B8B2EF-422D-46AD-A4B9-B1EE20A1B3F3}.Debug|Any CPU.Build.0 = Debug|Any CPU
		{31B8B2EF-422D-46AD-A4B9-B1EE20A1B3F3}.Release|Any CPU.ActiveCfg = Release|Any CPU
		{31B8B2EF-422D-46AD-A4B9-B1EE20A1B3F3}.Release|Any CPU.Build.0 = Release|Any CPU
	EndGlobalSection
	GlobalSection(SolutionProperties) = preSolution
		HideSolutionNode = FALSE
	EndGlobalSection
	GlobalSection(ExtensibilityGlobals) = postSolution
		SolutionGuid = {2F7D571A-A9C0-4F77-91E8-E5B2E9DD036A}
	EndGlobalSection
EndGlobal
